
Microsoft Visual Studio Solution File, Format Version 12.00
# Visual Studio Version 17
VisualStudioVersion = 17.0.31903.59
MinimumVisualStudioVersion = 10.0.40219.1
Project("{2150E333-8FDC-42A3-9474-1A3956D46DE8}") = "src", "src", "{827E0CD3-B72D-47B6-A68D-7590B98EB39B}"
EndProject
Project("{FAE04EC0-301F-11D3-BF4B-00C04F79EFBC}") = "Aeges.Core", "src\Aeges.Core\Aeges.Core.csproj", "{9C8120BC-5F6D-4056-ACF4-1F9DEF4EDB00}"
EndProject
Project("{FAE04EC0-301F-11D3-BF4B-00C04F79EFBC}") = "Aeges.Application", "src\Aeges.Application\Aeges.Application.csproj", "{CCE6D0F4-35F9-4344-966B-1370744484D2}"
EndProject
Project("{FAE04EC0-301F-11D3-BF4B-00C04F79EFBC}") = "Aeges.Agent", "src\Aeges.Agent\Aeges.Agent.csproj", "{C09E8F11-5DDC-442E-A9B2-5C4DFA2B58A4}"
EndProject
Project("{FAE04EC0-301F-11D3-BF4B-00C04F79EFBC}") = "Aeges.Cli", "src\Aeges.Cli\Aeges.Cli.csproj", "{DA8E71FC-A18F-4430-B4CB-54710EA1D01C}"
EndProject
Project("{FAE04EC0-301F-11D3-BF4B-00C04F79EFBC}") = "Aeges.Storage", "src\Aeges.Storage\Aeges.Storage.csproj", "{7AB2FCED-40F7-4035-9557-85343D813F5A}"
EndProject
Project("{FAE04EC0-301F-11D3-BF4B-00C04F79EFBC}") = "Aeges.Storage.Sqlite", "src\Aeges.Storage.Sqlite\Aeges.Storage.Sqlite.csproj", "{A849351A-705B-4801-8531-576488938424}"
EndProject
Project("{FAE04EC0-301F-11D3-BF4B-00C04F79EFBC}") = "Aeges.Runners", "src\Aeges.Runners\Aeges.Runners.csproj", "{B1D5FE40-D83D-4EA8-8FEF-F14FD16CACB0}"
EndProject
Project("{FAE04EC0-301F-11D3-BF4B-00C04F79EFBC}") = "Aeges.Runners.Codex", "src\Aeges.Runners.Codex\Aeges.Runners.Codex.csproj", "{0230DACF-171B-4EDE-8157-92951CFFCB3F}"
EndProject
Project("{FAE04EC0-301F-11D3-BF4B-00C04F79EFBC}") = "Aeges.Git", "src\Aeges.Git\Aeges.Git.csproj", "{4FE45E57-1DC8-4384-959C-B821FA10FAAC}"
EndProject
Project("{FAE04EC0-301F-11D3-BF4B-00C04F79EFBC}") = "Aeges.Telegram", "src\Aeges.Telegram\Aeges.Telegram.csproj", "{26D2E53E-B011-48C7-9BEC-0648A65A1530}"
EndProject
Project("{2150E333-8FDC-42A3-9474-1A3956D46DE8}") = "tests", "tests", "{0AB3BF05-4346-4AA6-1389-037BE0695223}"
EndProject
Project("{FAE04EC0-301F-11D3-BF4B-00C04F79EFBC}") = "Aeges.Core.Tests", "tests\Aeges.Core.Tests\Aeges.Core.Tests.csproj", "{005F1927-63D5-4EAD-91B1-0D2D92C9444A}"
EndProject
Project("{FAE04EC0-301F-11D3-BF4B-00C04F79EFBC}") = "Aeges.Application.Tests", "tests\Aeges.Application.Tests\Aeges.Application.Tests.csproj", "{0FA3403B-1334-4AFF-880F-FD37B500C43B}"
EndProject
Project("{FAE04EC0-301F-11D3-BF4B-00C04F79EFBC}") = "Aeges.Storage.Sqlite.Tests", "tests\Aeges.Storage.Sqlite.Tests\Aeges.Storage.Sqlite.Tests.csproj", "{8C95B2F7-BDFB-4BAC-80A5-3BA46698F10A}"
EndProject
Project("{FAE04EC0-301F-11D3-BF4B-00C04F79EFBC}") = "Aeges.Runners.Tests", "tests\Aeges.Runners.Tests\Aeges.Runners.Tests.csproj", "{F9138FE5-92ED-4B8B-895B-40F5D30AFD77}"
EndProject
Project("{FAE04EC0-301F-11D3-BF4B-00C04F79EFBC}") = "Aeges.Git.Tests", "tests\Aeges.Git.Tests\Aeges.Git.Tests.csproj", "{D66526FA-6C55-4035-A5B8-402C6B42D77B}"
EndProject
Project("{FAE04EC0-301F-11D3-BF4B-00C04F79EFBC}") = "Aeges.Storage.Tests", "tests\Aeges.Storage.Tests\Aeges.Storage.Tests.csproj", "{C5CEB139-ECE4-4BFD-9B1C-A57FE42BE37E}"
EndProject
Global
	GlobalSection(SolutionConfigurationPlatforms) = preSolution
		Debug|Any CPU = Debug|Any CPU
		Debug|x64 = Debug|x64
		Debug|x86 = Debug|x86
		Release|Any CPU = Release|Any CPU
		Release|x64 = Release|x64
		Release|x86 = Release|x86
	EndGlobalSection
	GlobalSection(ProjectConfigurationPlatforms) = postSolution
		{9C8120BC-5F6D-4056-ACF4-1F9DEF4EDB00}.Debug|Any CPU.ActiveCfg = Debug|Any CPU
		{9C8120BC-5F6D-4056-ACF4-1F9DEF4EDB00}.Debug|Any CPU.Build.0 = Debug|Any CPU
		{9C8120BC-5F6D-4056-ACF4-1F9DEF4EDB00}.Debug|x64.ActiveCfg = Debug|Any CPU
		{9C8120BC-5F6D-4056-ACF4-1F9DEF4EDB00}.Debug|x64.Build.0 = Debug|Any CPU
		{9C8120BC-5F6D-4056-ACF4-1F9DEF4EDB00}.Debug|x86.ActiveCfg = Debug|Any CPU
		{9C8120BC-5F6D-4056-ACF4-1F9DEF4EDB00}.Debug|x86.Build.0 = Debug|Any CPU
		{9C8120BC-5F6D-4056-ACF4-1F9DEF4EDB00}.Release|Any CPU.ActiveCfg = Release|Any CPU
		{9C8120BC-5F6D-4056-ACF4-1F9DEF4EDB00}.Release|Any CPU.Build.0 = Release|Any CPU
		{9C8120BC-5F6D-4056-ACF4-1F9DEF4EDB00}.Release|x64.ActiveCfg = Release|Any CPU
		{9C8120BC-5F6D-4056-ACF4-1F9DEF4EDB00}.Release|x64.Build.0 = Release|Any CPU
		{9C8120BC-5F6D-4056-ACF4-1F9DEF4EDB00}.Release|x86.ActiveCfg = Release|Any CPU
		{9C8120BC-5F6D-4056-ACF4-1F9DEF4EDB00}.Release|x86.Build.0 = Release|Any CPU
		{CCE6D0F4-35F9-4344-966B-1370744484D2}.Debug|Any CPU.ActiveCfg = Debug|Any CPU
		{CCE6D0F4-35F9-4344-966B-1370744484D2}.Debug|Any CPU.Build.0 = Debug|Any CPU
		{CCE6D0F4-35F9-4344-966B-1370744484D2}.Debug|x64.ActiveCfg = Debug|Any CPU
		{CCE6D0F4-35F9-4344-966B-1370744484D2}.Debug|x64.Build.0 = Debug|Any CPU
		{CCE6D0F4-35F9-4344-966B-1370744484D2}.Debug|x86.ActiveCfg = Debug|Any CPU
		{CCE6D0F4-35F9-4344-966B-1370744484D2}.Debug|x86.Build.0 = Debug|Any CPU
		{CCE6D0F4-35F9-4344-966B-1370744484D2}.Release|Any CPU.ActiveCfg = Release|Any CPU
		{CCE6D0F4-35F9-4344-966B-1370744484D2}.Release|Any CPU.Build.0 = Release|Any CPU
		{CCE6D0F4-35F9-4344-966B-1370744484D2}.Release|x64.ActiveCfg = Release|Any CPU
		{CCE6D0F4-35F9-4344-966B-1370744484D2}.Release|x64.Build.0 = Release|Any CPU
		{CCE6D0F4-35F9-4344-966B-1370744484D2}.Release|x86.ActiveCfg = Release|Any CPU
		{CCE6D0F4-35F9-4344-966B-1370744484D2}.Release|x86.Build.0 = Release|Any CPU
		{C09E8F11-5DDC-442E-A9B2-5C4DFA2B58A4}.Debug|Any CPU.ActiveCfg = Debug|Any CPU
		{C09E8F11-5DDC-442E-A9B2-5C4DFA2B58A4}.Debug|Any CPU.Build.0 = Debug|Any CPU
		{C09E8F11-5DDC-442E-A9B2-5C4DFA2B58A4}.Debug|x64.ActiveCfg = Debug|Any CPU
		{C09E8F11-5DDC-442E-A9B2-5C4DFA2B58A4}.Debug|x64.Build.0 = Debug|Any CPU
		{C09E8F11-5DDC-442E-A9B2-5C4DFA2B58A4}.Debug|x86.ActiveCfg = Debug|Any CPU
		{C09E8F11-5DDC-442E-A9B2-5C4DFA2B58A4}.Debug|x86.Build.0 = Debug|Any CPU
		{C09E8F11-5DDC-442E-A9B2-5C4DFA2B58A4}.Release|Any CPU.ActiveCfg = Release|Any CPU
		{C09E8F11-5DDC-442E-A9B2-5C4DFA2B58A4}.Release|Any CPU.Build.0 = Release|Any CPU
		{C09E8F11-5DDC-442E-A9B2-5C4DFA2B58A4}.Release|x64.ActiveCfg = Release|Any CPU
		{C09E8F11-5DDC-442E-A9B2-5C4DFA2B58A4}.Release|x64.Build.0 = Release|Any CPU
		{C09E8F11-5DDC-442E-A9B2-5C4DFA2B58A4}.Release|x86.ActiveCfg = Release|Any CPU
		{C09E8F11-5DDC-442E-A9B2-5C4DFA2B58A4}.Release|x86.Build.0 = Release|Any CPU
		{DA8E71FC-A18F-4430-B4CB-54710EA1D01C}.Debug|Any CPU.ActiveCfg = Debug|Any CPU
		{DA8E71FC-A18F-4430-B4CB-54710EA1D01C}.Debug|Any CPU.Build.0 = Debug|Any CPU
		{DA8E71FC-A18F-4430-B4CB-54710EA1D01C}.Debug|x64.ActiveCfg = Debug|Any CPU
		{DA8E71FC-A18F-4430-B4CB-54710EA1D01C}.Debug|x64.Build.0 = Debug|Any CPU
		{DA8E71FC-A18F-4430-B4CB-54710EA1D01C}.Debug|x86.ActiveCfg = Debug|Any CPU
		{DA8E71FC-A18F-4430-B4CB-54710EA1D01C}.Debug|x86.Build.0 = Debug|Any CPU
		{DA8E71FC-A18F-4430-B4CB-54710EA1D01C}.Release|Any CPU.ActiveCfg = Release|Any CPU
		{DA8E71FC-A18F-4430-B4CB-54710EA1D01C}.Release|Any CPU.Build.0 = Release|Any CPU
		{DA8E71FC-A18F-4430-B4CB-54710EA1D01C}.Release|x64.ActiveCfg = Release|Any CPU
		{DA8E71FC-A18F-4430-B4CB-54710EA1D01C}.Release|x64.Build.0 = Release|Any CPU
		{DA8E71FC-A18F-4430-B4CB-54710EA1D01C}.Release|x86.ActiveCfg = Release|Any CPU
		{DA8E71FC-A18F-4430-B4CB-54710EA1D01C}.Release|x86.Build.0 = Release|Any CPU
		{7AB2FCED-40F7-4035-9557-85343D813F5A}.Debug|Any CPU.ActiveCfg = Debug|Any CPU
		{7AB2FCED-40F7-4035-9557-85343D813F5A}.Debug|Any CPU.Build.0 = Debug|Any CPU
		{7AB2FCED-40F7-4035-9557-85343D813F5A}.Debug|x64.ActiveCfg = Debug|Any CPU
		{7AB2FCED-40F7-4035-9557-85343D813F5A}.Debug|x64.Build.0 = Debug|Any CPU
		{7AB2FCED-40F7-4035-9557-85343D813F5A}.Debug|x86.ActiveCfg = Debug|Any CPU
		{7AB2FCED-40F7-4035-9557-85343D813F5A}.Debug|x86.Build.0 = Debug|Any CPU
		{7AB2FCED-40F7-4035-9557-85343D813F5A}.Release|Any CPU.ActiveCfg = Release|Any CPU
		{7AB2FCED-40F7-4035-9557-85343D813F5A}.Release|Any CPU.Build.0 = Release|Any CPU
		{7AB2FCED-40F7-4035-9557-85343D813F5A}.Release|x64.ActiveCfg = Release|Any CPU
		{7AB2FCED-40F7-4035-9557-85343D813F5A}.Release|x64.Build.0 = Release|Any CPU
		{7AB2FCED-40F7-4035-9557-85343D813F5A}.Release|x86.ActiveCfg = Release|Any CPU
		{7AB2FCED-40F7-4035-9557-85343D813F5A}.Release|x86.Build.0 = Release|Any CPU
		{A849351A-705B-4801-8531-576488938424}.Debug|Any CPU.ActiveCfg = Debug|Any CPU
		{A849351A-705B-4801-8531-576488938424}.Debug|Any CPU.Build.0 = Debug|Any CPU
		{A849351A-705B-4801-8531-576488938424}.Debug|x64.ActiveCfg = Debug|Any CPU
		{A849351A-705B-4801-8531-576488938424}.Debug|x64.Build.0 = Debug|Any CPU
		{A849351A-705B-4801-8531-576488938424}.Debug|x86.ActiveCfg = Debug|Any CPU
		{A849351A-705B-4801-8531-576488938424}.Debug|x86.Build.0 = Debug|Any CPU
		{A849351A-705B-4801-8531-576488938424}.Release|Any CPU.ActiveCfg = Release|Any CPU
		{A849351A-705B-4801-8531-576488938424}.Release|Any CPU.Build.0 = Release|Any CPU
		{A849351A-705B-4801-8531-576488938424}.Release|x64.ActiveCfg = Release|Any CPU
		{A849351A-705B-4801-8531-576488938424}.Release|x64.Build.0 = Release|Any CPU
		{A849351A-705B-4801-8531-576488938424}.Release|x86.ActiveCfg = Release|Any CPU
		{A849351A-705B-4801-8531-576488938424}.Release|x86.Build.0 = Release|Any CPU
		{B1D5FE40-D83D-4EA8-8FEF-F14FD16CACB0}.Debug|Any CPU.ActiveCfg = Debug|Any CPU
		{B1D5FE40-D83D-4EA8-8FEF-F14FD16CACB0}.Debug|Any CPU.Build.0 = Debug|Any CPU
		{B1D5FE40-D83D-4EA8-8FEF-F14FD16CACB0}.Debug|x64.ActiveCfg = Debug|Any CPU
		{B1D5FE40-D83D-4EA8-8FEF-F14FD16CACB0}.Debug|x64.Build.0 = Debug|Any CPU
		{B1D5FE40-D83D-4EA8-8FEF-F14FD16CACB0}.Debug|x86.ActiveCfg = Debug|Any CPU
		{B1D5FE40-D83D-4EA8-8FEF-F14FD16CACB0}.Debug|x86.Build.0 = Debug|Any CPU
		{B1D5FE40-D83D-4EA8-8FEF-F14FD16CACB0}.Release|Any CPU.ActiveCfg = Release|Any CPU
		{B1D5FE40-D83D-4EA8-8FEF-F14FD16CACB0}.Release|Any CPU.Build.0 = Release|Any CPU
		{B1D5FE40-D83D-4EA8-8FEF-F14FD16CACB0}.Release|x64.ActiveCfg = Release|Any CPU
		{B1D5FE40-D83D-4EA8-8FEF-F14FD16CACB0}.Release|x64.Build.0 = Release|Any CPU
		{B1D5FE40-D83D-4EA8-8FEF-F14FD16CACB0}.Release|x86.ActiveCfg = Release|Any CPU
		{B1D5FE40-D83D-4EA8-8FEF-F14FD16CACB0}.Release|x86.Build.0 = Release|Any CPU
		{0230DACF-171B-4EDE-8157-92951CFFCB3F}.Debug|Any CPU.ActiveCfg = Debug|Any CPU
		{0230DACF-171B-4EDE-8157-92951CFFCB3F}.Debug|Any CPU.Build.0 = Debug|Any CPU
		{0230DACF-171B-4EDE-8157-92951CFFCB3F}.Debug|x64.ActiveCfg = Debug|Any CPU
		{0230DACF-171B-4EDE-8157-92951CFFCB3F}.Debug|x64.Build.0 = Debug|Any CPU
		{0230DACF-171B-4EDE-8157-92951CFFCB3F}.Debug|x86.ActiveCfg = Debug|Any CPU
		{0230DACF-171B-4EDE-8157-92951CFFCB3F}.Debug|x86.Build.0 = Debug|Any CPU
		{0230DACF-171B-4EDE-8157-92951CFFCB3F}.Release|Any CPU.ActiveCfg = Release|Any CPU
		{0230DACF-171B-4EDE-8157-92951CFFCB3F}.Release|Any CPU.Build.0 = Release|Any CPU
		{0230DACF-171B-4EDE-8157-92951CFFCB3F}.Release|x64.ActiveCfg = Release|Any CPU
		{0230DACF-171B-4EDE-8157-92951CFFCB3F}.Release|x64.Build.0 = Release|Any CPU
		{0230DACF-171B-4EDE-8157-92951CFFCB3F}.Release|x86.ActiveCfg = Release|Any CPU
		{0230DACF-171B-4EDE-8157-92951CFFCB3F}.Release|x86.Build.0 = Release|Any CPU
		{4FE45E57-1DC8-4384-959C-B821FA10FAAC}.Debug|Any CPU.ActiveCfg = Debug|Any CPU
		{4FE45E57-1DC8-4384-959C-B821FA10FAAC}.Debug|Any CPU.Build.0 = Debug|Any CPU
		{4FE45E57-1DC8-4384-959C-B821FA10FAAC}.Debug|x64.ActiveCfg = Debug|Any CPU
		{4FE45E57-1DC8-4384-959C-B821FA10FAAC}.Debug|x64.Build.0 = Debug|Any CPU
		{4FE45E57-1DC8-4384-959C-B821FA10FAAC}.Debug|x86.ActiveCfg = Debug|Any CPU
		{4FE45E57-1DC8-4384-959C-B821FA10FAAC}.Debug|x86.Build.0 = Debug|Any CPU
		{4FE45E57-1DC8-4384-959C-B821FA10FAAC}.Release|Any CPU.ActiveCfg = Release|Any CPU
		{4FE45E57-1DC8-4384-959C-B821FA10FAAC}.Release|Any CPU.Build.0 = Release|Any CPU
		{4FE45E57-1DC8-4384-959C-B821FA10FAAC}.Release|x64.ActiveCfg = Release|Any CPU
		{4FE45E57-1DC8-4384-959C-B821FA10FAAC}.Release|x64.Build.0 = Release|Any CPU
		{4FE45E57-1DC8-4384-959C-B821FA10FAAC}.Release|x86.ActiveCfg = Release|Any CPU
		{4FE45E57-1DC8-4384-959C-B821FA10FAAC}.Release|x86.Build.0 = Release|Any CPU
		{26D2E53E-B011-48C7-9BEC-0648A65A1530}.Debug|Any CPU.ActiveCfg = Debug|Any CPU
		{26D2E53E-B011-48C7-9BEC-0648A65A1530}.Debug|Any CPU.Build.0 = Debug|Any CPU
		{26D2E53E-B011-48C7-9BEC-0648A65A1530}.Debug|x64.ActiveCfg = Debug|Any CPU
		{26D2E53E-B011-48C7-9BEC-0648A65A1530}.Debug|x64.Build.0 = Debug|Any CPU
		{26D2E53E-B011-48C7-9BEC-0648A65A1530}.Debug|x86.ActiveCfg = Debug|Any CPU
		{26D2E53E-B011-48C7-9BEC-0648A65A1530}.Debug|x86.Build.0 = Debug|Any CPU
		{26D2E53E-B011-48C7-9BEC-0648A65A1530}.Release|Any CPU.ActiveCfg = Release|Any CPU
		{26D2E53E-B011-48C7-9BEC-0648A65A1530}.Release|Any CPU.Build.0 = Release|Any CPU
		{26D2E53E-B011-48C7-9BEC-0648A65A1530}.Release|x64.ActiveCfg = Release|Any CPU
		{26D2E53E-B011-48C7-9BEC-0648A65A1530}.Release|x64.Build.0 = Release|Any CPU
		{26D2E53E-B011-48C7-9BEC-0648A65A1530}.Release|x86.ActiveCfg = Release|Any CPU
		{26D2E53E-B011-48C7-9BEC-0648A65A1530}.Release|x86.Build.0 = Release|Any CPU
		{005F1927-63D5-4EAD-91B1-0D2D92C9444A}.Debug|Any CPU.ActiveCfg = Debug|Any CPU
		{005F1927-63D5-4EAD-91B1-0D2D92C9444A}.Debug|Any CPU.Build.0 = Debug|Any CPU
		{005F1927-63D5-4EAD-91B1-0D2D92C9444A}.Debug|x64.ActiveCfg = Debug|Any CPU
		{005F1927-63D5-4EAD-91B1-0D2D92C9444A}.Debug|x64.Build.0 = Debug|Any CPU
		{005F1927-63D5-4EAD-91B1-0D2D92C9444A}.Debug|x86.ActiveCfg = Debug|Any CPU
		{005F1927-63D5-4EAD-91B1-0D2D92C9444A}.Debug|x86.Build.0 = Debug|Any CPU
		{005F1927-63D5-4EAD-91B1-0D2D92C9444A}.Release|Any CPU.ActiveCfg = Release|Any CPU
		{005F1927-63D5-4EAD-91B1-0D2D92C9444A}.Release|Any CPU.Build.0 = Release|Any CPU
		{005F1927-63D5-4EAD-91B1-0D2D92C9444A}.Release|x64.ActiveCfg = Release|Any CPU
		{005F1927-63D5-4EAD-91B1-0D2D92C9444A}.Release|x64.Build.0 = Release|Any CPU
		{005F1927-63D5-4EAD-91B1-0D2D92C9444A}.Release|x86.ActiveCfg = Release|Any CPU
		{005F1927-63D5-4EAD-91B1-0D2D92C9444A}.Release|x86.Build.0 = Release|Any CPU
		{0FA3403B-1334-4AFF-880F-FD37B500C43B}.Debug|Any CPU.ActiveCfg = Debug|Any CPU
		{0FA3403B-1334-4AFF-880F-FD37B500C43B}.Debug|Any CPU.Build.0 = Debug|Any CPU
		{0FA3403B-1334-4AFF-880F-FD37B500C43B}.Debug|x64.ActiveCfg = Debug|Any CPU
		{0FA3403B-1334-4AFF-880F-FD37B500C43B}.Debug|x64.Build.0 = Debug|Any CPU
		{0FA3403B-1334-4AFF-880F-FD37B500C43B}.Debug|x86.ActiveCfg = Debug|Any CPU
		{0FA3403B-1334-4AFF-880F-FD37B500C43B}.Debug|x86.Build.0 = Debug|Any CPU
		{0FA3403B-1334-4AFF-880F-FD37B500C43B}.Release|Any CPU.ActiveCfg = Release|Any CPU
		{0FA3403B-1334-4AFF-880F-FD37B500C43B}.Release|Any CPU.Build.0 = Release|Any CPU
		{0FA3403B-1334-4AFF-880F-FD37B500C43B}.Release|x64.ActiveCfg = Release|Any CPU
		{0FA3403B-1334-4AFF-880F-FD37B500C43B}.Release|x64.Build.0 = Release|Any CPU
		{0FA3403B-1334-4AFF-880F-FD37B500C43B}.Release|x86.ActiveCfg = Release|Any CPU
		{0FA3403B-1334-4AFF-880F-FD37B500C43B}.Release|x86.Build.0 = Release|Any CPU
		{8C95B2F7-BDFB-4BAC-80A5-3BA46698F10A}.Debug|Any CPU.ActiveCfg = Debug|Any CPU
		{8C95B2F7-BDFB-4BAC-80A5-3BA46698F10A}.Debug|Any CPU.Build.0 = Debug|Any CPU
		{8C95B2F7-BDFB-4BAC-80A5-3BA46698F10A}.Debug|x64.ActiveCfg = Debug|Any CPU
		{8C95B2F7-BDFB-4BAC-80A5-3BA46698F10A}.Debug|x64.Build.0 = Debug|Any CPU
		{8C95B2F7-BDFB-4BAC-80A5-3BA46698F10A}.Debug|x86.ActiveCfg = Debug|Any CPU
		{8C95B2F7-BDFB-4BAC-80A5-3BA46698F10A}.Debug|x86.Build.0 = Debug|Any CPU
		{8C95B2F7-BDFB-4BAC-80A5-3BA46698F10A}.Release|Any CPU.ActiveCfg = Release|Any CPU
		{8C95B2F7-BDFB-4BAC-80A5-3BA46698F10A}.Release|Any CPU.Build.0 = Release|Any CPU
		{8C95B2F7-BDFB-4BAC-80A5-3BA46698F10A}.Release|x64.ActiveCfg = Release|Any CPU
		{8C95B2F7-BDFB-4BAC-80A5-3BA46698F10A}.Release|x64.Build.0 = Release|Any CPU
		{8C95B2F7-BDFB-4BAC-80A5-3BA46698F10A}.Release|x86.ActiveCfg = Release|Any CPU
		{8C95B2F7-BDFB-4BAC-80A5-3BA46698F10A}.Release|x86.Build.0 = Release|Any CPU
		{F9138FE5-92ED-4B8B-895B-40F5D30AFD77}.Debug|Any CPU.ActiveCfg = Debug|Any CPU
		{F9138FE5-92ED-4B8B-895B-40F5D30AFD77}.Debug|Any CPU.Build.0 = Debug|Any CPU
		{F9138FE5-92ED-4B8B-895B-40F5D30AFD77}.Debug|x64.ActiveCfg = Debug|Any CPU
		{F9138FE5-92ED-4B8B-895B-40F5D30AFD77}.Debug|x64.Build.0 = Debug|Any CPU
		{F9138FE5-92ED-4B8B-895B-40F5D30AFD77}.Debug|x86.ActiveCfg = Debug|Any CPU
		{F9138FE5-92ED-4B8B-895B-40F5D30AFD77}.Debug|x86.Build.0 = Debug|Any CPU
		{F9138FE5-92ED-4B8B-895B-40F5D30AFD77}.Release|Any CPU.ActiveCfg = Release|Any CPU
		{F9138FE5-92ED-4B8B-895B-40F5D30AFD77}.Release|Any CPU.Build.0 = Release|Any CPU
		{F9138FE5-92ED-4B8B-895B-40F5D30AFD77}.Release|x64.ActiveCfg = Release|Any CPU
		{F9138FE5-92ED-4B8B-895B-40F5D30AFD77}.Release|x64.Build.0 = Release|Any CPU
		{F9138FE5-92ED-4B8B-895B-40F5D30AFD77}.Release|x86.ActiveCfg = Release|Any CPU
		{F9138FE5-92ED-4B8B-895B-40F5D30AFD77}.Release|x86.Build.0 = Release|Any CPU
		{D66526FA-6C55-4035-A5B8-402C6B42D77B}.Debug|Any CPU.ActiveCfg = Debug|Any CPU
		{D66526FA-6C55-4035-A5B8-402C6B42D77B}.Debug|Any CPU.Build.0 = Debug|Any CPU
		{D66526FA-6C55-4035-A5B8-402C6B42D77B}.Debug|x64.ActiveCfg = Debug|Any CPU
		{D66526FA-6C55-4035-A5B8-402C6B42D77B}.Debug|x64.Build.0 = Debug|Any CPU
		{D66526FA-6C55-4035-A5B8-402C6B42D77B}.Debug|x86.ActiveCfg = Debug|Any CPU
		{D66526FA-6C55-4035-A5B8-402C6B42D77B}.Debug|x86.Build.0 = Debug|Any CPU
		{D66526FA-6C55-4035-A5B8-402C6B42D77B}.Release|Any CPU.ActiveCfg = Release|Any CPU
		{D66526FA-6C55-4035-A5B8-402C6B42D77B}.Release|Any CPU.Build.0 = Release|Any CPU
		{D66526FA-6C55-4035-A5B8-402C6B42D77B}.Release|x64.ActiveCfg = Release|Any CPU
		{D66526FA-6C55-4035-A5B8-402C6B42D77B}.Release|x64.Build.0 = Release|Any CPU
		{D66526FA-6C55-4035-A5B8-402C6B42D77B}.Release|x86.ActiveCfg = Release|Any CPU
		{D66526FA-6C55-4035-A5B8-402C6B42D77B}.Release|x86.Build.0 = Release|Any CPU
		{C5CEB139-ECE4-4BFD-9B1C-A57FE42BE37E}.Debug|Any CPU.ActiveCfg = Debug|Any CPU
		{C5CEB139-ECE4-4BFD-9B1C-A57FE42BE37E}.Debug|Any CPU.Build.0 = Debug|Any CPU
		{C5CEB139-ECE4-4BFD-9B1C-A57FE42BE37E}.Debug|x64.ActiveCfg = Debug|Any CPU
		{C5CEB139-ECE4-4BFD-9B1C-A57FE42BE37E}.Debug|x64.Build.0 = Debug|Any CPU
		{C5CEB139-ECE4-4BFD-9B1C-A57FE42BE37E}.Debug|x86.ActiveCfg = Debug|Any CPU
		{C5CEB139-ECE4-4BFD-9B1C-A57FE42BE37E}.Debug|x86.Build.0 = Debug|Any CPU
		{C5CEB139-ECE4-4BFD-9B1C-A57FE42BE37E}.Release|Any CPU.ActiveCfg = Release|Any CPU
		{C5CEB139-ECE4-4BFD-9B1C-A57FE42BE37E}.Release|Any CPU.Build.0 = Release|Any CPU
		{C5CEB139-ECE4-4BFD-9B1C-A57FE42BE37E}.Release|x64.ActiveCfg = Release|Any CPU
		{C5CEB139-ECE4-4BFD-9B1C-A57FE42BE37E}.Release|x64.Build.0 = Release|Any CPU
		{C5CEB139-ECE4-4BFD-9B1C-A57FE42BE37E}.Release|x86.ActiveCfg = Release|Any CPU
		{C5CEB139-ECE4-4BFD-9B1C-A57FE42BE37E}.Release|x86.Build.0 = Release|Any CPU
	EndGlobalSection
	GlobalSection(SolutionProperties) = preSolution
		HideSolutionNode = FALSE
	EndGlobalSection
	GlobalSection(NestedProjects) = preSolution
		{9C8120BC-5F6D-4056-ACF4-1F9DEF4EDB00} = {827E0CD3-B72D-47B6-A68D-7590B98EB39B}
		{CCE6D0F4-35F9-4344-966B-1370744484D2} = {827E0CD3-B72D-47B6-A68D-7590B98EB39B}
		{C09E8F11-5DDC-442E-A9B2-5C4DFA2B58A4} = {827E0CD3-B72D-47B6-A68D-7590B98EB39B}
		{DA8E71FC-A18F-4430-B4CB-54710EA1D01C} = {827E0CD3-B72D-47B6-A68D-7590B98EB39B}
		{7AB2FCED-40F7-4035-9557-85343D813F5A} = {827E0CD3-B72D-47B6-A68D-7590B98EB39B}
		{A849351A-705B-4801-8531-576488938424} = {827E0CD3-B72D-47B6-A68D-7590B98EB39B}
		{B1D5FE40-D83D-4EA8-8FEF-F14FD16CACB0} = {827E0CD3-B72D-47B6-A68D-7590B98EB39B}
		{0230DACF-171B-4EDE-8157-92951CFFCB3F} = {827E0CD3-B72D-47B6-A68D-7590B98EB39B}
		{4FE45E57-1DC8-4384-959C-B821FA10FAAC} = {827E0CD3-B72D-47B6-A68D-7590B98EB39B}
		{26D2E53E-B011-48C7-9BEC-0648A65A1530} = {827E0CD3-B72D-47B6-A68D-7590B98EB39B}
		{005F1927-63D5-4EAD-91B1-0D2D92C9444A} = {0AB3BF05-4346-4AA6-1389-037BE0695223}
		{0FA3403B-1334-4AFF-880F-FD37B500C43B} = {0AB3BF05-4346-4AA6-1389-037BE0695223}
		{8C95B2F7-BDFB-4BAC-80A5-3BA46698F10A} = {0AB3BF05-4346-4AA6-1389-037BE0695223}
		{F9138FE5-92ED-4B8B-895B-40F5D30AFD77} = {0AB3BF05-4346-4AA6-1389-037BE0695223}
		{D66526FA-6C55-4035-A5B8-402C6B42D77B} = {0AB3BF05-4346-4AA6-1389-037BE0695223}
		{C5CEB139-ECE4-4BFD-9B1C-A57FE42BE37E} = {0AB3BF05-4346-4AA6-1389-037BE0695223}
	EndGlobalSection
EndGlobal
